
Microsoft Visual Studio Solution File, Format Version 12.00
# Visual Studio Version 17
VisualStudioVersion = 17.9.34728.123
MinimumVisualStudioVersion = 10.0.40219.1
Project("{FAE04EC0-301F-11D3-BF4B-00C04F79EFBC}") = "FlintUartServer", "FlintUartServer\FlintUartServer.csproj", "{94B77AF3-841E-4F8F-8C4E-C158CD82F601}"
EndProject
Global
	GlobalSection(SolutionConfigurationPlatforms) = preSolution
		Debug|Any CPU = Debug|Any CPU
		Release|Any CPU = Release|Any CPU
	EndGlobalSection
	GlobalSection(ProjectConfigurationPlatforms) = postSolution
		{94B77AF3-841E-4F8F-8C4E-C158CD82F601}.Debug|Any CPU.ActiveCfg = Debug|Any CPU
		{94B77AF3-841E-4F8F-8C4E-C158CD82F601}.Debug|Any CPU.Build.0 = Debug|Any CPU
		{94B77AF3-841E-4F8F-8C4E-C158CD82F601}.Release|Any CPU.ActiveCfg = Release|Any CPU
		{94B77AF3-841E-4F8F-8C4E-C158CD82F601}.Release|Any CPU.Build.0 = Release|Any CPU
	EndGlobalSection
	GlobalSection(SolutionProperties) = preSolution
		HideSolutionNode = FALSE
	EndGlobalSection
	GlobalSection(ExtensibilityGlobals) = postSolution
		SolutionGuid = {94E7740C-42C6-4781-99E7-07D794D9EB89}
	EndGlobalSection
EndGlobal
